// !$*UTF8*$!
{
	archiveVersion = 1;
	classes = {
	};
	objectVersion = 50;
	objects = {

/* Begin PBXBuildFile section */
		4B3C556EA5C24D079A2F1963 /* Pods_ImageMatrix.framework in Frameworks */ = {isa = PBXBuildFile; fileRef = 612A511FDF8C56CCE1DDAE40 /* Pods_ImageMatrix.framework */; };
		F009D85C206F6C0A00D2339E /* AppDelegate.swift in Sources */ = {isa = PBXBuildFile; fileRef = F009D85B206F6C0A00D2339E /* AppDelegate.swift */; };
		F009D85E206F6C0A00D2339E /* ViewController.swift in Sources */ = {isa = PBXBuildFile; fileRef = F009D85D206F6C0A00D2339E /* ViewController.swift */; };
		F009D861206F6C0A00D2339E /* Main.storyboard in Resources */ = {isa = PBXBuildFile; fileRef = F009D85F206F6C0A00D2339E /* Main.storyboard */; };
		F009D863206F6C0B00D2339E /* Assets.xcassets in Resources */ = {isa = PBXBuildFile; fileRef = F009D862206F6C0B00D2339E /* Assets.xcassets */; };
		F009D866206F6C0B00D2339E /* LaunchScreen.storyboard in Resources */ = {isa = PBXBuildFile; fileRef = F009D864206F6C0B00D2339E /* LaunchScreen.storyboard */; };
		F009D86F206F6C7100D2339E /* ImageMatrix.swift in Sources */ = {isa = PBXBuildFile; fileRef = F009D86E206F6C7100D2339E /* ImageMatrix.swift */; };
		F009D876206F7E5300D2339E /* Matrix.swift in Sources */ = {isa = PBXBuildFile; fileRef = F009D875206F7E5300D2339E /* Matrix.swift */; };
		F00A4EFD207B472100139859 /* ImageMatrixItem.swift in Sources */ = {isa = PBXBuildFile; fileRef = F00A4EFC207B472100139859 /* ImageMatrixItem.swift */; };
		F00A4EFF207B474400139859 /* ImageMatrixItemDelegate.swift in Sources */ = {isa = PBXBuildFile; fileRef = F00A4EFE207B474400139859 /* ImageMatrixItemDelegate.swift */; };
		F0ED5700207273B100256544 /* ImageMatrixDelegate.swift in Sources */ = {isa = PBXBuildFile; fileRef = F0ED56FF207273B100256544 /* ImageMatrixDelegate.swift */; };
/* End PBXBuildFile section */

/* Begin PBXFileReference section */
		5D4B4896B1D7381FFF231DB8 /* Pods-ImageMatrix.debug.xcconfig */ = {isa = PBXFileReference; includeInIndex = 1; lastKnownFileType = text.xcconfig; name = "Pods-ImageMatrix.debug.xcconfig"; path = "Pods/Target Support Files/Pods-ImageMatrix/Pods-ImageMatrix.debug.xcconfig"; sourceTree = "<group>"; };
		612A511FDF8C56CCE1DDAE40 /* Pods_ImageMatrix.framework */ = {isa = PBXFileReference; explicitFileType = wrapper.framework; includeInIndex = 0; path = Pods_ImageMatrix.framework; sourceTree = BUILT_PRODUCTS_DIR; };
		AF330247A79E48F8CBA43A02 /* Pods-ImageMatrix.release.xcconfig */ = {isa = PBXFileReference; includeInIndex = 1; lastKnownFileType = text.xcconfig; name = "Pods-ImageMatrix.release.xcconfig"; path = "Pods/Target Support Files/Pods-ImageMatrix/Pods-ImageMatrix.release.xcconfig"; sourceTree = "<group>"; };
		F009D858206F6C0A00D2339E /* ImageMatrix.app */ = {isa = PBXFileReference; explicitFileType = wrapper.application; includeInIndex = 0; path = ImageMatrix.app; sourceTree = BUILT_PRODUCTS_DIR; };
		F009D85B206F6C0A00D2339E /* AppDelegate.swift */ = {isa = PBXFileReference; lastKnownFileType = sourcecode.swift; path = AppDelegate.swift; sourceTree = "<group>"; };
		F009D85D206F6C0A00D2339E /* ViewController.swift */ = {isa = PBXFileReference; lastKnownFileType = sourcecode.swift; path = ViewController.swift; sourceTree = "<group>"; };
		F009D860206F6C0A00D2339E /* Base */ = {isa = PBXFileReference; lastKnownFileType = file.storyboard; name = Base; path = Base.lproj/Main.storyboard; sourceTree = "<group>"; };
		F009D862206F6C0B00D2339E /* Assets.xcassets */ = {isa = PBXFileReference; lastKnownFileType = folder.assetcatalog; path = Assets.xcassets; sourceTree = "<group>"; };
		F009D865206F6C0B00D2339E /* Base */ = {isa = PBXFileReference; lastKnownFileType = file.storyboard; name = Base; path = Base.lproj/LaunchScreen.storyboard; sourceTree = "<group>"; };
		F009D867206F6C0B00D2339E /* Info.plist */ = {isa = PBXFileReference; lastKnownFileType = text.plist.xml; path = Info.plist; sourceTree = "<group>"; };
		F009D86E206F6C7100D2339E /* ImageMatrix.swift */ = {isa = PBXFileReference; lastKnownFileType = sourcecode.swift; path = ImageMatrix.swift; sourceTree = "<group>"; };
		F009D875206F7E5300D2339E /* Matrix.swift */ = {isa = PBXFileReference; lastKnownFileType = sourcecode.swift; path = Matrix.swift; sourceTree = "<group>"; };
		F00A4EFC207B472100139859 /* ImageMatrixItem.swift */ = {isa = PBXFileReference; lastKnownFileType = sourcecode.swift; path = ImageMatrixItem.swift; sourceTree = "<group>"; };
		F00A4EFE207B474400139859 /* ImageMatrixItemDelegate.swift */ = {isa = PBXFileReference; lastKnownFileType = sourcecode.swift; path = ImageMatrixItemDelegate.swift; sourceTree = "<group>"; };
		F0ED56FF207273B100256544 /* ImageMatrixDelegate.swift */ = {isa = PBXFileReference; lastKnownFileType = sourcecode.swift; path = ImageMatrixDelegate.swift; sourceTree = "<group>"; };
/* End PBXFileReference section */

/* Begin PBXFrameworksBuildPhase section */
		F009D855206F6C0A00D2339E /* Frameworks */ = {
			isa = PBXFrameworksBuildPhase;
			buildActionMask = 2147483647;
			files = (
				4B3C556EA5C24D079A2F1963 /* Pods_ImageMatrix.framework in Frameworks */,
			);
			runOnlyForDeploymentPostprocessing = 0;
		};
/* End PBXFrameworksBuildPhase section */

/* Begin PBXGroup section */
		9360DDF54A992BA2C85B3834 /* Frameworks */ = {
			isa = PBXGroup;
			children = (
				612A511FDF8C56CCE1DDAE40 /* Pods_ImageMatrix.framework */,
			);
			name = Frameworks;
			sourceTree = "<group>";
		};
		B2F1F9809128D40806FCE8F5 /* Pods */ = {
			isa = PBXGroup;
			children = (
				5D4B4896B1D7381FFF231DB8 /* Pods-ImageMatrix.debug.xcconfig */,
				AF330247A79E48F8CBA43A02 /* Pods-ImageMatrix.release.xcconfig */,
			);
			name = Pods;
			sourceTree = "<group>";
		};
		F009D84F206F6C0A00D2339E = {
			isa = PBXGroup;
			children = (
				F009D85A206F6C0A00D2339E /* ImageMatrix */,
				F009D86D206F6C4F00D2339E /* Sources */,
				F009D859206F6C0A00D2339E /* Products */,
				B2F1F9809128D40806FCE8F5 /* Pods */,
				9360DDF54A992BA2C85B3834 /* Frameworks */,
			);
			sourceTree = "<group>";
		};
		F009D859206F6C0A00D2339E /* Products */ = {
			isa = PBXGroup;
			children = (
				F009D858206F6C0A00D2339E /* ImageMatrix.app */,
			);
			name = Products;
			sourceTree = "<group>";
		};
		F009D85A206F6C0A00D2339E /* ImageMatrix */ = {
			isa = PBXGroup;
			children = (
				F009D85B206F6C0A00D2339E /* AppDelegate.swift */,
				F009D85D206F6C0A00D2339E /* ViewController.swift */,
				F009D85F206F6C0A00D2339E /* Main.storyboard */,
				F009D862206F6C0B00D2339E /* Assets.xcassets */,
				F009D864206F6C0B00D2339E /* LaunchScreen.storyboard */,
				F009D867206F6C0B00D2339E /* Info.plist */,
			);
			path = ImageMatrix;
			sourceTree = "<group>";
		};
		F009D86D206F6C4F00D2339E /* Sources */ = {
			isa = PBXGroup;
			children = (
				F009D875206F7E5300D2339E /* Matrix.swift */,
				F009D86E206F6C7100D2339E /* ImageMatrix.swift */,
				F00A4EFC207B472100139859 /* ImageMatrixItem.swift */,
				F0ED56FF207273B100256544 /* ImageMatrixDelegate.swift */,
				F00A4EFE207B474400139859 /* ImageMatrixItemDelegate.swift */,
			);
			path = Sources;
			sourceTree = "<group>";
		};
/* End PBXGroup section */

/* Begin PBXNativeTarget section */
		F009D857206F6C0A00D2339E /* ImageMatrix */ = {
			isa = PBXNativeTarget;
			buildConfigurationList = F009D86A206F6C0B00D2339E /* Build configuration list for PBXNativeTarget "ImageMatrix" */;
			buildPhases = (
				5741EFF0174375DADB7B6BFB /* [CP] Check Pods Manifest.lock */,
				F009D854206F6C0A00D2339E /* Sources */,
				F009D855206F6C0A00D2339E /* Frameworks */,
				F009D856206F6C0A00D2339E /* Resources */,
				8EF6D24C77953CBBEE94D805 /* [CP] Embed Pods Frameworks */,
			);
			buildRules = (
			);
			dependencies = (
			);
			name = ImageMatrix;
			productName = ImageMatrix;
			productReference = F009D858206F6C0A00D2339E /* ImageMatrix.app */;
			productType = "com.apple.product-type.application";
		};
/* End PBXNativeTarget section */

/* Begin PBXProject section */
		F009D850206F6C0A00D2339E /* Project object */ = {
			isa = PBXProject;
			attributes = {
				LastSwiftUpdateCheck = 0930;
				LastUpgradeCheck = 0930;
				ORGANIZATIONNAME = gavinning;
				TargetAttributes = {
					F009D857206F6C0A00D2339E = {
						CreatedOnToolsVersion = 9.3;
					};
				};
			};
			buildConfigurationList = F009D853206F6C0A00D2339E /* Build configuration list for PBXProject "ImageMatrix" */;
			compatibilityVersion = "Xcode 9.3";
			developmentRegion = en;
			hasScannedForEncodings = 0;
			knownRegions = (
				en,
				Base,
			);
			mainGroup = F009D84F206F6C0A00D2339E;
			productRefGroup = F009D859206F6C0A00D2339E /* Products */;
			projectDirPath = "";
			projectRoot = "";
			targets = (
				F009D857206F6C0A00D2339E /* ImageMatrix */,
			);
		};
/* End PBXProject section */

/* Begin PBXResourcesBuildPhase section */
		F009D856206F6C0A00D2339E /* Resources */ = {
			isa = PBXResourcesBuildPhase;
			buildActionMask = 2147483647;
			files = (
				F009D866206F6C0B00D2339E /* LaunchScreen.storyboard in Resources */,
				F009D863206F6C0B00D2339E /* Assets.xcassets in Resources */,
				F009D861206F6C0A00D2339E /* Main.storyboard in Resources */,
			);
			runOnlyForDeploymentPostprocessing = 0;
		};
/* End PBXResourcesBuildPhase section */

/* Begin PBXShellScriptBuildPhase section */
		5741EFF0174375DADB7B6BFB /* [CP] Check Pods Manifest.lock */ = {
			isa = PBXShellScriptBuildPhase;
			buildActionMask = 2147483647;
			files = (
			);
			inputPaths = (
				"${PODS_PODFILE_DIR_PATH}/Podfile.lock",
				"${PODS_ROOT}/Manifest.lock",
			);
			name = "[CP] Check Pods Manifest.lock";
			outputPaths = (
				"$(DERIVED_FILE_DIR)/Pods-ImageMatrix-checkManifestLockResult.txt",
			);
			runOnlyForDeploymentPostprocessing = 0;
			shellPath = /bin/sh;
			shellScript = "diff \"${PODS_PODFILE_DIR_PATH}/Podfile.lock\" \"${PODS_ROOT}/Manifest.lock\" > /dev/null\nif [ $? != 0 ] ; then\n    # print error to STDERR\n    echo \"error: The sandbox is not in sync with the Podfile.lock. Run 'pod install' or update your CocoaPods installation.\" >&2\n    exit 1\nfi\n# This output is used by Xcode 'outputs' to avoid re-running this script phase.\necho \"SUCCESS\" > \"${SCRIPT_OUTPUT_FILE_0}\"\n";
			showEnvVarsInLog = 0;
		};
		8EF6D24C77953CBBEE94D805 /* [CP] Embed Pods Frameworks */ = {
			isa = PBXShellScriptBuildPhase;
			buildActionMask = 2147483647;
			files = (
			);
			inputPaths = (
				"${SRCROOT}/Pods/Target Support Files/Pods-ImageMatrix/Pods-ImageMatrix-frameworks.sh",
				"${BUILT_PRODUCTS_DIR}/GLEKit/GLEKit.framework",
			);
			name = "[CP] Embed Pods Frameworks";
			outputPaths = (
				"${TARGET_BUILD_DIR}/${FRAMEWORKS_FOLDER_PATH}/GLEKit.framework",
			);
			runOnlyForDeploymentPostprocessing = 0;
			shellPath = /bin/sh;
			shellScript = "\"${SRCROOT}/Pods/Target Support Files/Pods-ImageMatrix/Pods-ImageMatrix-frameworks.sh\"\n";
			showEnvVarsInLog = 0;
		};
/* End PBXShellScriptBuildPhase section */

/* Begin PBXSourcesBuildPhase section */
		F009D854206F6C0A00D2339E /* Sources */ = {
			isa = PBXSourcesBuildPhase;
			buildActionMask = 2147483647;
			files = (
				F009D85E206F6C0A00D2339E /* ViewController.swift in Sources */,
				F009D876206F7E5300D2339E /* Matrix.swift in Sources */,
				F00A4EFF207B474400139859 /* ImageMatrixItemDelegate.swift in Sources */,
				F009D85C206F6C0A00D2339E /* AppDelegate.swift in Sources */,
				F009D86F206F6C7100D2339E /* ImageMatrix.swift in Sources */,
				F0ED5700207273B100256544 /* ImageMatrixDelegate.swift in Sources */,
				F00A4EFD207B472100139859 /* ImageMatrixItem.swift in Sources */,
			);
			runOnlyForDeploymentPostprocessing = 0;
		};
/* End PBXSourcesBuildPhase section */

/* Begin PBXVariantGroup section */
		F009D85F206F6C0A00D2339E /* Main.storyboard */ = {
			isa = PBXVariantGroup;
			children = (
				F009D860206F6C0A00D2339E /* Base */,
			);
			name = Main.storyboard;
			sourceTree = "<group>";
		};
		F009D864206F6C0B00D2339E /* LaunchScreen.storyboard */ = {
			isa = PBXVariantGroup;
			children = (
				F009D865206F6C0B00D2339E /* Base */,
			);
			name = LaunchScreen.storyboard;
			sourceTree = "<group>";
		};
/* End PBXVariantGroup section */

/* Begin XCBuildConfiguration section */
		F009D868206F6C0B00D2339E /* Debug */ = {
			isa = XCBuildConfiguration;
			buildSettings = {
				ALWAYS_SEARCH_USER_PATHS = NO;
				CLANG_ANALYZER_NONNULL = YES;
				CLANG_ANALYZER_NUMBER_OBJECT_CONVERSION = YES_AGGRESSIVE;
				CLANG_CXX_LANGUAGE_STANDARD = "gnu++14";
				CLANG_CXX_LIBRARY = "libc++";
				CLANG_ENABLE_MODULES = YES;
				CLANG_ENABLE_OBJC_ARC = YES;
				CLANG_ENABLE_OBJC_WEAK = YES;
				CLANG_WARN_BLOCK_CAPTURE_AUTORELEASING = YES;
				CLANG_WARN_BOOL_CONVERSION = YES;
				CLANG_WARN_COMMA = YES;
				CLANG_WARN_CONSTANT_CONVERSION = YES;
				CLANG_WARN_DEPRECATED_OBJC_IMPLEMENTATIONS = YES;
				CLANG_WARN_DIRECT_OBJC_ISA_USAGE = YES_ERROR;
				CLANG_WARN_DOCUMENTATION_COMMENTS = YES;
				CLANG_WARN_EMPTY_BODY = YES;
				CLANG_WARN_ENUM_CONVERSION = YES;
				CLANG_WARN_INFINITE_RECURSION = YES;
				CLANG_WARN_INT_CONVERSION = YES;
				CLANG_WARN_NON_LITERAL_NULL_CONVERSION = YES;
				CLANG_WARN_OBJC_IMPLICIT_RETAIN_SELF = YES;
				CLANG_WARN_OBJC_LITERAL_CONVERSION = YES;
				CLANG_WARN_OBJC_ROOT_CLASS = YES_ERROR;
				CLANG_WARN_RANGE_LOOP_ANALYSIS = YES;
				CLANG_WARN_STRICT_PROTOTYPES = YES;
				CLANG_WARN_SUSPICIOUS_MOVE = YES;
				CLANG_WARN_UNGUARDED_AVAILABILITY = YES_AGGRESSIVE;
				CLANG_WARN_UNREACHABLE_CODE = YES;
				CLANG_WARN__DUPLICATE_METHOD_MATCH = YES;
				CODE_SIGN_IDENTITY = "iPhone Developer";
				COPY_PHASE_STRIP = NO;
				DEBUG_INFORMATION_FORMAT = dwarf;
				ENABLE_STRICT_OBJC_MSGSEND = YES;
				ENABLE_TESTABILITY = YES;
				GCC_C_LANGUAGE_STANDARD = gnu11;
				GCC_DYNAMIC_NO_PIC = NO;
				GCC_NO_COMMON_BLOCKS = YES;
				GCC_OPTIMIZATION_LEVEL = 0;
				GCC_PREPROCESSOR_DEFINITIONS = (
					"DEBUG=1",
					"$(inherited)",
				);
				GCC_WARN_64_TO_32_BIT_CONVERSION = YES;
				GCC_WARN_ABOUT_RETURN_TYPE = YES_ERROR;
				GCC_WARN_UNDECLARED_SELECTOR = YES;
				GCC_WARN_UNINITIALIZED_AUTOS = YES_AGGRESSIVE;
				GCC_WARN_UNUSED_FUNCTION = YES;
				GCC_WARN_UNUSED_VARIABLE = YES;
				IPHONEOS_DEPLOYMENT_TARGET = 11.3;
				MTL_ENABLE_DEBUG_INFO = YES;
				ONLY_ACTIVE_ARCH = YES;
				SDKROOT = iphoneos;
				SWIFT_ACTIVE_COMPILATION_CONDITIONS = DEBUG;
				SWIFT_OPTIMIZATION_LEVEL = "-Onone";
			};
			name = Debug;
		};
		F009D869206F6C0B00D2339E /* Release */ = {
			isa = XCBuildConfiguration;
			buildSettings = {
				ALWAYS_SEARCH_USER_PATHS = NO;
				CLANG_ANALYZER_NONNULL = YES;
				CLANG_ANALYZER_NUMBER_OBJECT_CONVERSION = YES_AGGRESSIVE;
				CLANG_CXX_LANGUAGE_STANDARD = "gnu++14";
				CLANG_CXX_LIBRARY = "libc++";
				CLANG_ENABLE_MODULES = YES;
				CLANG_ENABLE_OBJC_ARC = YES;
				CLANG_ENABLE_OBJC_WEAK = YES;
				CLANG_WARN_BLOCK_CAPTURE_AUTORELEASING = YES;
				CLANG_WARN_BOOL_CONVERSION = YES;
				CLANG_WARN_COMMA = YES;
				CLANG_WARN_CONSTANT_CONVERSION = YES;
				CLANG_WARN_DEPRECATED_OBJC_IMPLEMENTATIONS = YES;
				CLANG_WARN_DIRECT_OBJC_ISA_USAGE = YES_ERROR;
				CLANG_WARN_DOCUMENTATION_COMMENTS = YES;
				CLANG_WARN_EMPTY_BODY = YES;
				CLANG_WARN_ENUM_CONVERSION = YES;
				CLANG_WARN_INFINITE_RECURSION = YES;
				CLANG_WARN_INT_CONVERSION = YES;
				CLANG_WARN_NON_LITERAL_NULL_CONVERSION = YES;
				CLANG_WARN_OBJC_IMPLICIT_RETAIN_SELF = YES;
				CLANG_WARN_OBJC_LITERAL_CONVERSION = YES;
				CLANG_WARN_OBJC_ROOT_CLASS = YES_ERROR;
				CLANG_WARN_RANGE_LOOP_ANALYSIS = YES;
				CLANG_WARN_STRICT_PROTOTYPES = YES;
				CLANG_WARN_SUSPICIOUS_MOVE = YES;
				CLANG_WARN_UNGUARDED_AVAILABILITY = YES_AGGRESSIVE;
				CLANG_WARN_UNREACHABLE_CODE = YES;
				CLANG_WARN__DUPLICATE_METHOD_MATCH = YES;
				CODE_SIGN_IDENTITY = "iPhone Developer";
				COPY_PHASE_STRIP = NO;
				DEBUG_INFORMATION_FORMAT = "dwarf-with-dsym";
				ENABLE_NS_ASSERTIONS = NO;
				ENABLE_STRICT_OBJC_MSGSEND = YES;
				GCC_C_LANGUAGE_STANDARD = gnu11;
				GCC_NO_COMMON_BLOCKS = YES;
				GCC_WARN_64_TO_32_BIT_CONVERSION = YES;
				GCC_WARN_ABOUT_RETURN_TYPE = YES_ERROR;
				GCC_WARN_UNDECLARED_SELECTOR = YES;
				GCC_WARN_UNINITIALIZED_AUTOS = YES_AGGRESSIVE;
				GCC_WARN_UNUSED_FUNCTION = YES;
				GCC_WARN_UNUSED_VARIABLE = YES;
				IPHONEOS_DEPLOYMENT_TARGET = 11.3;
				MTL_ENABLE_DEBUG_INFO = NO;
				SDKROOT = iphoneos;
				SWIFT_COMPILATION_MODE = wholemodule;
				SWIFT_OPTIMIZATION_LEVEL = "-O";
				VALIDATE_PRODUCT = YES;
			};
			name = Release;
		};
		F009D86B206F6C0B00D2339E /* Debug */ = {
			isa = XCBuildConfiguration;
			baseConfigurationReference = 5D4B4896B1D7381FFF231DB8 /* Pods-ImageMatrix.debug.xcconfig */;
			buildSettings = {
				ASSETCATALOG_COMPILER_APPICON_NAME = AppIcon;
				CODE_SIGN_STYLE = Automatic;
				DEVELOPMENT_TEAM = 2288W7ZL47;
				INFOPLIST_FILE = ImageMatrix/Info.plist;
				LD_RUNPATH_SEARCH_PATHS = (
					"$(inherited)",
					"@executable_path/Frameworks",
				);
				PRODUCT_BUNDLE_IDENTIFIER = com.gavinining.ImageMatrix;
				PRODUCT_NAME = "$(TARGET_NAME)";
				SWIFT_VERSION = 4.0;
				TARGETED_DEVICE_FAMILY = "1,2";
			};
			name = Debug;
		};
		F009D86C206F6C0B00D2339E /* Release */ = {
			isa = XCBuildConfiguration;
			baseConfigurationReference = AF330247A79E48F8CBA43A02 /* Pods-ImageMatrix.release.xcconfig */;
			buildSettings = {
				ASSETCATALOG_COMPILER_APPICON_NAME = AppIcon;
				CODE_SIGN_STYLE = Automatic;
				DEVELOPMENT_TEAM = 2288W7ZL47;
				INFOPLIST_FILE = ImageMatrix/Info.plist;
				LD_RUNPATH_SEARCH_PATHS = (
					"$(inherited)",
					"@executable_path/Frameworks",
				);
				PRODUCT_BUNDLE_IDENTIFIER = com.gavinining.ImageMatrix;
				PRODUCT_NAME = "$(TARGET_NAME)";
				SWIFT_VERSION = 4.0;
				TARGETED_DEVICE_FAMILY = "1,2";
			};
			name = Release;
		};
/* End XCBuildConfiguration section */

/* Begin XCConfigurationList section */
		F009D853206F6C0A00D2339E /* Build configuration list for PBXProject "ImageMatrix" */ = {
			isa = XCConfigurationList;
			buildConfigurations = (
				F009D868206F6C0B00D2339E /* Debug */,
				F009D869206F6C0B00D2339E /* Release */,
			);
			defaultConfigurationIsVisible = 0;
			defaultConfigurationName = Release;
		};
		F009D86A206F6C0B00D2339E /* Build configuration list for PBXNativeTarget "ImageMatrix" */ = {
			isa = XCConfigurationList;
			buildConfigurations = (
				F009D86B206F6C0B00D2339E /* Debug */,
				F009D86C206F6C0B00D2339E /* Release */,
			);
			defaultConfigurationIsVisible = 0;
			defaultConfigurationName = Release;
		};
/* End XCConfigurationList section */
	};
	rootObject = F009D850206F6C0A00D2339E /* Project object */;
}
